
Microsoft Visual Studio Solution File, Format Version 12.00
# Visual Studio 15
VisualStudioVersion = 15.0.26124.0
MinimumVisualStudioVersion = 15.0.26124.0
Project("{F2A71F9B-5D33-465A-A702-920D77279786}") = "CrudoSql", "CrudoSql\CrudoSql.fsproj", "{13EB1777-A225-4470-9FBA-B2B56A4F7147}"
EndProject
Project("{F2A71F9B-5D33-465A-A702-920D77279786}") = "CrudoSql.Tests", "CrudoSql.Tests\CrudoSql.Tests.fsproj", "{696B3BA3-7A7D-4F58-9DBD-A5444E35CED1}"
EndProject
Global
	GlobalSection(SolutionConfigurationPlatforms) = preSolution
		Debug|Any CPU = Debug|Any CPU
		Debug|x64 = Debug|x64
		Debug|x86 = Debug|x86
		Release|Any CPU = Release|Any CPU
		Release|x64 = Release|x64
		Release|x86 = Release|x86
	EndGlobalSection
	GlobalSection(SolutionProperties) = preSolution
		HideSolutionNode = FALSE
	EndGlobalSection
	GlobalSection(ProjectConfigurationPlatforms) = postSolution
		{13EB1777-A225-4470-9FBA-B2B56A4F7147}.Debug|Any CPU.ActiveCfg = Debug|Any CPU
		{13EB1777-A225-4470-9FBA-B2B56A4F7147}.Debug|Any CPU.Build.0 = Debug|Any CPU
		{13EB1777-A225-4470-9FBA-B2B56A4F7147}.Debug|x64.ActiveCfg = Debug|Any CPU
		{13EB1777-A225-4470-9FBA-B2B56A4F7147}.Debug|x64.Build.0 = Debug|Any CPU
		{13EB1777-A225-4470-9FBA-B2B56A4F7147}.Debug|x86.ActiveCfg = Debug|Any CPU
		{13EB1777-A225-4470-9FBA-B2B56A4F7147}.Debug|x86.Build.0 = Debug|Any CPU
		{13EB1777-A225-4470-9FBA-B2B56A4F7147}.Release|Any CPU.ActiveCfg = Release|Any CPU
		{13EB1777-A225-4470-9FBA-B2B56A4F7147}.Release|Any CPU.Build.0 = Release|Any CPU
		{13EB1777-A225-4470-9FBA-B2B56A4F7147}.Release|x64.ActiveCfg = Release|Any CPU
		{13EB1777-A225-4470-9FBA-B2B56A4F7147}.Release|x64.Build.0 = Release|Any CPU
		{13EB1777-A225-4470-9FBA-B2B56A4F7147}.Release|x86.ActiveCfg = Release|Any CPU
		{13EB1777-A225-4470-9FBA-B2B56A4F7147}.Release|x86.Build.0 = Release|Any CPU
		{696B3BA3-7A7D-4F58-9DBD-A5444E35CED1}.Debug|Any CPU.ActiveCfg = Debug|Any CPU
		{696B3BA3-7A7D-4F58-9DBD-A5444E35CED1}.Debug|Any CPU.Build.0 = Debug|Any CPU
		{696B3BA3-7A7D-4F58-9DBD-A5444E35CED1}.Debug|x64.ActiveCfg = Debug|Any CPU
		{696B3BA3-7A7D-4F58-9DBD-A5444E35CED1}.Debug|x64.Build.0 = Debug|Any CPU
		{696B3BA3-7A7D-4F58-9DBD-A5444E35CED1}.Debug|x86.ActiveCfg = Debug|Any CPU
		{696B3BA3-7A7D-4F58-9DBD-A5444E35CED1}.Debug|x86.Build.0 = Debug|Any CPU
		{696B3BA3-7A7D-4F58-9DBD-A5444E35CED1}.Release|Any CPU.ActiveCfg = Release|Any CPU
		{696B3BA3-7A7D-4F58-9DBD-A5444E35CED1}.Release|Any CPU.Build.0 = Release|Any CPU
		{696B3BA3-7A7D-4F58-9DBD-A5444E35CED1}.Release|x64.ActiveCfg = Release|Any CPU
		{696B3BA3-7A7D-4F58-9DBD-A5444E35CED1}.Release|x64.Build.0 = Release|Any CPU
		{696B3BA3-7A7D-4F58-9DBD-A5444E35CED1}.Release|x86.ActiveCfg = Release|Any CPU
		{696B3BA3-7A7D-4F58-9DBD-A5444E35CED1}.Release|x86.Build.0 = Release|Any CPU
	EndGlobalSection
EndGlobal
